
Microsoft Visual Studio Solution File, Format Version 12.00
# Visual Studio Version 17
VisualStudioVersion = 17.6.33829.357
MinimumVisualStudioVersion = 10.0.40219.1
Project("{FAE04EC0-301F-11D3-BF4B-00C04F79EFBC}") = "DataGridView_Diario", "DataGridView_Diario\DataGridView_Diario.csproj", "{189056DB-D071-4280-B249-CB6E4AB099B4}"
EndProject
Global
	GlobalSection(SolutionConfigurationPlatforms) = preSolution
		Debug|Any CPU = Debug|Any CPU
		Release|Any CPU = Release|Any CPU
	EndGlobalSection
	GlobalSection(ProjectConfigurationPlatforms) = postSolution
		{189056DB-D071-4280-B249-CB6E4AB099B4}.Debug|Any CPU.ActiveCfg = Debug|Any CPU
		{189056DB-D071-4280-B249-CB6E4AB099B4}.Debug|Any CPU.Build.0 = Debug|Any CPU
		{189056DB-D071-4280-B249-CB6E4AB099B4}.Release|Any CPU.ActiveCfg = Release|Any CPU
		{189056DB-D071-4280-B249-CB6E4AB099B4}.Release|Any CPU.Build.0 = Release|Any CPU
	EndGlobalSection
	GlobalSection(SolutionProperties) = preSolution
		HideSolutionNode = FALSE
	EndGlobalSection
	GlobalSection(ExtensibilityGlobals) = postSolution
		SolutionGuid = {AB41E84A-545A-4165-9E15-B7BD6AA0590B}
	EndGlobalSection
EndGlobal
